// !$*UTF8*$!
{
	archiveVersion = 1;
	classes = {
	};
	objectVersion = 56;
	objects = {

/* Begin PBXBuildFile section */
		7700F7852C05D16200B6E53E /* Helpers.swift in Sources */ = {isa = PBXBuildFile; fileRef = 7700F7842C05D16200B6E53E /* Helpers.swift */; };
		774F606C2B8B8A1F0054B79B /* Tracker.swift in Sources */ = {isa = PBXBuildFile; fileRef = 774F606B2B8B8A1F0054B79B /* Tracker.swift */; };
		774F606E2B8B8BC80054B79B /* TrackerCategory.swift in Sources */ = {isa = PBXBuildFile; fileRef = 774F606D2B8B8BC80054B79B /* TrackerCategory.swift */; };
		774F60702B8B8C280054B79B /* TrackerRecord.swift in Sources */ = {isa = PBXBuildFile; fileRef = 774F606F2B8B8C280054B79B /* TrackerRecord.swift */; };
		774F60722B8E91500054B79B /* TrackerCollectionViewCell.swift in Sources */ = {isa = PBXBuildFile; fileRef = 774F60712B8E91500054B79B /* TrackerCollectionViewCell.swift */; };
		7750B3732BFF5D8E00E72738 /* TrackerStore.swift in Sources */ = {isa = PBXBuildFile; fileRef = 7750B3722BFF5D8E00E72738 /* TrackerStore.swift */; };
		7750B3752BFF5D9B00E72738 /* TrackerCategoryStore.swift in Sources */ = {isa = PBXBuildFile; fileRef = 7750B3742BFF5D9B00E72738 /* TrackerCategoryStore.swift */; };
		7750B3782BFF5DAF00E72738 /* TrackerRecordStore.swift in Sources */ = {isa = PBXBuildFile; fileRef = 7750B3772BFF5DAF00E72738 /* TrackerRecordStore.swift */; };
		7750B37A2BFF5EAE00E72738 /* MarshallingColor.swift in Sources */ = {isa = PBXBuildFile; fileRef = 7750B3792BFF5EAE00E72738 /* MarshallingColor.swift */; };
		775502F12BFCE1E300F25620 /* Extensions.swift in Sources */ = {isa = PBXBuildFile; fileRef = 775502F02BFCE1E300F25620 /* Extensions.swift */; };
		776D6C272C070E36003A4B9C /* MarshallingWeekDay.swift in Sources */ = {isa = PBXBuildFile; fileRef = 776D6C262C070E36003A4B9C /* MarshallingWeekDay.swift */; };
		776D6C2B2C07DB97003A4B9C /* OnboardingViewController.swift in Sources */ = {isa = PBXBuildFile; fileRef = 776D6C2A2C07DB97003A4B9C /* OnboardingViewController.swift */; };
		776D6C2D2C07DD70003A4B9C /* PageViewController.swift in Sources */ = {isa = PBXBuildFile; fileRef = 776D6C2C2C07DD70003A4B9C /* PageViewController.swift */; };
		776D6C2F2C088895003A4B9C /* RootViewController.swift in Sources */ = {isa = PBXBuildFile; fileRef = 776D6C2E2C088895003A4B9C /* RootViewController.swift */; };
		778650882BF8ED840039DB20 /* NewCategoryViewController.swift in Sources */ = {isa = PBXBuildFile; fileRef = 778650872BF8ED840039DB20 /* NewCategoryViewController.swift */; };
		7786508A2BF8EE6E0039DB20 /* NewHabitShedulerViewController.swift in Sources */ = {isa = PBXBuildFile; fileRef = 778650892BF8EE6E0039DB20 /* NewHabitShedulerViewController.swift */; };
		7786508C2BF8F13A0039DB20 /* NewHabitShedulerTableViewCell.swift in Sources */ = {isa = PBXBuildFile; fileRef = 7786508B2BF8F13A0039DB20 /* NewHabitShedulerTableViewCell.swift */; };
		778650922BFA20E20039DB20 /* CreateNewTrackerCollectionViewCell.swift in Sources */ = {isa = PBXBuildFile; fileRef = 778650912BFA20E20039DB20 /* CreateNewTrackerCollectionViewCell.swift */; };
		778650942BFA21260039DB20 /* CreateNewTrackerSupplementaryView.swift in Sources */ = {isa = PBXBuildFile; fileRef = 778650932BFA21260039DB20 /* CreateNewTrackerSupplementaryView.swift */; };
		778650972BFA6B990039DB20 /* NewEventViewController.swift in Sources */ = {isa = PBXBuildFile; fileRef = 778650962BFA6B990039DB20 /* NewEventViewController.swift */; };
		77A41A452C05620000DDB8AF /* Model1.xcdatamodeld in Sources */ = {isa = PBXBuildFile; fileRef = 77A41A432C05620000DDB8AF /* Model1.xcdatamodeld */; };
		77C55E142C08C3F700BF0AEE /* NewCategoryViewModel.swift in Sources */ = {isa = PBXBuildFile; fileRef = 77C55E132C08C3F700BF0AEE /* NewCategoryViewModel.swift */; };
		77C55E162C09187200BF0AEE /* NewCategoryModel.swift in Sources */ = {isa = PBXBuildFile; fileRef = 77C55E152C09187200BF0AEE /* NewCategoryModel.swift */; };
		77C55E182C091CB300BF0AEE /* NewCategoryTableViewCell.swift in Sources */ = {isa = PBXBuildFile; fileRef = 77C55E172C091CB300BF0AEE /* NewCategoryTableViewCell.swift */; };
		77C55E1A2C0A5CA500BF0AEE /* CreateNewCategoryViewController.swift in Sources */ = {isa = PBXBuildFile; fileRef = 77C55E192C0A5CA500BF0AEE /* CreateNewCategoryViewController.swift */; };
		77C55E1C2C0B41DA00BF0AEE /* Localizable.strings in Resources */ = {isa = PBXBuildFile; fileRef = 77C55E1B2C0B41DA00BF0AEE /* Localizable.strings */; };
		77C55E1E2C0B571300BF0AEE /* Localizable.stringsdict in Resources */ = {isa = PBXBuildFile; fileRef = 77C55E1D2C0B571300BF0AEE /* Localizable.stringsdict */; };
		77C5F5A72BF64B1F00A95D20 /* CreateNewTrackerTableViewCelll.swift in Sources */ = {isa = PBXBuildFile; fileRef = 77C5F5A62BF64B1F00A95D20 /* CreateNewTrackerTableViewCelll.swift */; };
		77CE2B762B6848250019FA92 /* AppDelegate.swift in Sources */ = {isa = PBXBuildFile; fileRef = 77CE2B752B6848250019FA92 /* AppDelegate.swift */; };
		77CE2B782B6848250019FA92 /* SceneDelegate.swift in Sources */ = {isa = PBXBuildFile; fileRef = 77CE2B772B6848250019FA92 /* SceneDelegate.swift */; };
		77CE2B7F2B6848270019FA92 /* Assets.xcassets in Resources */ = {isa = PBXBuildFile; fileRef = 77CE2B7E2B6848270019FA92 /* Assets.xcassets */; };
		77CE2B822B6848270019FA92 /* LaunchScreen.storyboard in Resources */ = {isa = PBXBuildFile; fileRef = 77CE2B802B6848270019FA92 /* LaunchScreen.storyboard */; };
		77CE2B8B2B684EE90019FA92 /* UIColor+Extensions.swift in Sources */ = {isa = PBXBuildFile; fileRef = 77CE2B8A2B684EE90019FA92 /* UIColor+Extensions.swift */; };
		77CE2B902B69B42F0019FA92 /* TrackersViewController.swift in Sources */ = {isa = PBXBuildFile; fileRef = 77CE2B8F2B69B42F0019FA92 /* TrackersViewController.swift */; };
		77CE2B922B69B4840019FA92 /* StatisticsViewController.swift in Sources */ = {isa = PBXBuildFile; fileRef = 77CE2B912B69B4840019FA92 /* StatisticsViewController.swift */; };
		77CE2B942B69B5570019FA92 /* TabBarController.swift in Sources */ = {isa = PBXBuildFile; fileRef = 77CE2B932B69B5570019FA92 /* TabBarController.swift */; };
		77E2DE3C2BD95245005458E6 /* NewTrackerViewController.swift in Sources */ = {isa = PBXBuildFile; fileRef = 77E2DE3B2BD95245005458E6 /* NewTrackerViewController.swift */; };
		77E2DE3E2BDF16DA005458E6 /* NewHabitViewController.swift in Sources */ = {isa = PBXBuildFile; fileRef = 77E2DE3D2BDF16DA005458E6 /* NewHabitViewController.swift */; };
		77FD98D52BCAA22D00D99ED5 /* TrackerSupplementaryView.swift in Sources */ = {isa = PBXBuildFile; fileRef = 77FD98D42BCAA22D00D99ED5 /* TrackerSupplementaryView.swift */; };
/* End PBXBuildFile section */

/* Begin PBXFileReference section */
		7700F7842C05D16200B6E53E /* Helpers.swift */ = {isa = PBXFileReference; lastKnownFileType = sourcecode.swift; path = Helpers.swift; sourceTree = "<group>"; };
		774F606B2B8B8A1F0054B79B /* Tracker.swift */ = {isa = PBXFileReference; lastKnownFileType = sourcecode.swift; path = Tracker.swift; sourceTree = "<group>"; };
		774F606D2B8B8BC80054B79B /* TrackerCategory.swift */ = {isa = PBXFileReference; lastKnownFileType = sourcecode.swift; path = TrackerCategory.swift; sourceTree = "<group>"; };
		774F606F2B8B8C280054B79B /* TrackerRecord.swift */ = {isa = PBXFileReference; lastKnownFileType = sourcecode.swift; path = TrackerRecord.swift; sourceTree = "<group>"; };
		774F60712B8E91500054B79B /* TrackerCollectionViewCell.swift */ = {isa = PBXFileReference; lastKnownFileType = sourcecode.swift; path = TrackerCollectionViewCell.swift; sourceTree = "<group>"; };
		7750B3722BFF5D8E00E72738 /* TrackerStore.swift */ = {isa = PBXFileReference; lastKnownFileType = sourcecode.swift; path = TrackerStore.swift; sourceTree = "<group>"; };
		7750B3742BFF5D9B00E72738 /* TrackerCategoryStore.swift */ = {isa = PBXFileReference; lastKnownFileType = sourcecode.swift; path = TrackerCategoryStore.swift; sourceTree = "<group>"; };
		7750B3772BFF5DAF00E72738 /* TrackerRecordStore.swift */ = {isa = PBXFileReference; lastKnownFileType = sourcecode.swift; path = TrackerRecordStore.swift; sourceTree = "<group>"; };
		7750B3792BFF5EAE00E72738 /* MarshallingColor.swift */ = {isa = PBXFileReference; lastKnownFileType = sourcecode.swift; path = MarshallingColor.swift; sourceTree = "<group>"; };
		775502F02BFCE1E300F25620 /* Extensions.swift */ = {isa = PBXFileReference; lastKnownFileType = sourcecode.swift; path = Extensions.swift; sourceTree = "<group>"; };
		776D6C262C070E36003A4B9C /* MarshallingWeekDay.swift */ = {isa = PBXFileReference; lastKnownFileType = sourcecode.swift; path = MarshallingWeekDay.swift; sourceTree = "<group>"; };
		776D6C2A2C07DB97003A4B9C /* OnboardingViewController.swift */ = {isa = PBXFileReference; lastKnownFileType = sourcecode.swift; path = OnboardingViewController.swift; sourceTree = "<group>"; };
		776D6C2C2C07DD70003A4B9C /* PageViewController.swift */ = {isa = PBXFileReference; lastKnownFileType = sourcecode.swift; path = PageViewController.swift; sourceTree = "<group>"; };
		776D6C2E2C088895003A4B9C /* RootViewController.swift */ = {isa = PBXFileReference; lastKnownFileType = sourcecode.swift; path = RootViewController.swift; sourceTree = "<group>"; };
		778650872BF8ED840039DB20 /* NewCategoryViewController.swift */ = {isa = PBXFileReference; lastKnownFileType = sourcecode.swift; path = NewCategoryViewController.swift; sourceTree = "<group>"; };
		778650892BF8EE6E0039DB20 /* NewHabitShedulerViewController.swift */ = {isa = PBXFileReference; lastKnownFileType = sourcecode.swift; path = NewHabitShedulerViewController.swift; sourceTree = "<group>"; };
		7786508B2BF8F13A0039DB20 /* NewHabitShedulerTableViewCell.swift */ = {isa = PBXFileReference; lastKnownFileType = sourcecode.swift; path = NewHabitShedulerTableViewCell.swift; sourceTree = "<group>"; };
		778650912BFA20E20039DB20 /* CreateNewTrackerCollectionViewCell.swift */ = {isa = PBXFileReference; lastKnownFileType = sourcecode.swift; path = CreateNewTrackerCollectionViewCell.swift; sourceTree = "<group>"; };
		778650932BFA21260039DB20 /* CreateNewTrackerSupplementaryView.swift */ = {isa = PBXFileReference; lastKnownFileType = sourcecode.swift; path = CreateNewTrackerSupplementaryView.swift; sourceTree = "<group>"; };
		778650962BFA6B990039DB20 /* NewEventViewController.swift */ = {isa = PBXFileReference; lastKnownFileType = sourcecode.swift; path = NewEventViewController.swift; sourceTree = "<group>"; };
		77A41A442C05620000DDB8AF /* Model1.xcdatamodel */ = {isa = PBXFileReference; lastKnownFileType = wrapper.xcdatamodel; path = Model1.xcdatamodel; sourceTree = "<group>"; };
		77C55E132C08C3F700BF0AEE /* NewCategoryViewModel.swift */ = {isa = PBXFileReference; lastKnownFileType = sourcecode.swift; path = NewCategoryViewModel.swift; sourceTree = "<group>"; };
		77C55E152C09187200BF0AEE /* NewCategoryModel.swift */ = {isa = PBXFileReference; lastKnownFileType = sourcecode.swift; path = NewCategoryModel.swift; sourceTree = "<group>"; };
		77C55E172C091CB300BF0AEE /* NewCategoryTableViewCell.swift */ = {isa = PBXFileReference; lastKnownFileType = sourcecode.swift; path = NewCategoryTableViewCell.swift; sourceTree = "<group>"; };
		77C55E192C0A5CA500BF0AEE /* CreateNewCategoryViewController.swift */ = {isa = PBXFileReference; lastKnownFileType = sourcecode.swift; path = CreateNewCategoryViewController.swift; sourceTree = "<group>"; };
		77C55E1B2C0B41DA00BF0AEE /* Localizable.strings */ = {isa = PBXFileReference; lastKnownFileType = text.plist.strings; path = Localizable.strings; sourceTree = "<group>"; };
		77C55E1D2C0B571300BF0AEE /* Localizable.stringsdict */ = {isa = PBXFileReference; lastKnownFileType = text.plist.stringsdict; path = Localizable.stringsdict; sourceTree = "<group>"; };
		77C5F5A62BF64B1F00A95D20 /* CreateNewTrackerTableViewCelll.swift */ = {isa = PBXFileReference; lastKnownFileType = sourcecode.swift; path = CreateNewTrackerTableViewCelll.swift; sourceTree = "<group>"; };
		77CE2B722B6848250019FA92 /* Tracker.app */ = {isa = PBXFileReference; explicitFileType = wrapper.application; includeInIndex = 0; path = Tracker.app; sourceTree = BUILT_PRODUCTS_DIR; };
		77CE2B752B6848250019FA92 /* AppDelegate.swift */ = {isa = PBXFileReference; lastKnownFileType = sourcecode.swift; path = AppDelegate.swift; sourceTree = "<group>"; };
		77CE2B772B6848250019FA92 /* SceneDelegate.swift */ = {isa = PBXFileReference; lastKnownFileType = sourcecode.swift; path = SceneDelegate.swift; sourceTree = "<group>"; };
		77CE2B7E2B6848270019FA92 /* Assets.xcassets */ = {isa = PBXFileReference; lastKnownFileType = folder.assetcatalog; path = Assets.xcassets; sourceTree = "<group>"; };
		77CE2B812B6848270019FA92 /* Base */ = {isa = PBXFileReference; lastKnownFileType = file.storyboard; name = Base; path = Base.lproj/LaunchScreen.storyboard; sourceTree = "<group>"; };
		77CE2B832B6848270019FA92 /* Info.plist */ = {isa = PBXFileReference; lastKnownFileType = text.plist.xml; path = Info.plist; sourceTree = "<group>"; };
		77CE2B8A2B684EE90019FA92 /* UIColor+Extensions.swift */ = {isa = PBXFileReference; lastKnownFileType = sourcecode.swift; path = "UIColor+Extensions.swift"; sourceTree = "<group>"; };
		77CE2B8F2B69B42F0019FA92 /* TrackersViewController.swift */ = {isa = PBXFileReference; lastKnownFileType = sourcecode.swift; path = TrackersViewController.swift; sourceTree = "<group>"; };
		77CE2B912B69B4840019FA92 /* StatisticsViewController.swift */ = {isa = PBXFileReference; lastKnownFileType = sourcecode.swift; path = StatisticsViewController.swift; sourceTree = "<group>"; };
		77CE2B932B69B5570019FA92 /* TabBarController.swift */ = {isa = PBXFileReference; lastKnownFileType = sourcecode.swift; path = TabBarController.swift; sourceTree = "<group>"; };
		77E2DE3B2BD95245005458E6 /* NewTrackerViewController.swift */ = {isa = PBXFileReference; lastKnownFileType = sourcecode.swift; path = NewTrackerViewController.swift; sourceTree = "<group>"; };
		77E2DE3D2BDF16DA005458E6 /* NewHabitViewController.swift */ = {isa = PBXFileReference; lastKnownFileType = sourcecode.swift; path = NewHabitViewController.swift; sourceTree = "<group>"; };
		77FD98D42BCAA22D00D99ED5 /* TrackerSupplementaryView.swift */ = {isa = PBXFileReference; lastKnownFileType = sourcecode.swift; path = TrackerSupplementaryView.swift; sourceTree = "<group>"; };
/* End PBXFileReference section */

/* Begin PBXFrameworksBuildPhase section */
		77CE2B6F2B6848250019FA92 /* Frameworks */ = {
			isa = PBXFrameworksBuildPhase;
			buildActionMask = 2147483647;
			files = (
			);
			runOnlyForDeploymentPostprocessing = 0;
		};
/* End PBXFrameworksBuildPhase section */

/* Begin PBXGroup section */
		774F606A2B8B8A050054B79B /* Models */ = {
			isa = PBXGroup;
			children = (
				774F606B2B8B8A1F0054B79B /* Tracker.swift */,
				774F606D2B8B8BC80054B79B /* TrackerCategory.swift */,
				774F606F2B8B8C280054B79B /* TrackerRecord.swift */,
			);
			path = Models;
			sourceTree = "<group>";
		};
		7750B3712BFF5D5E00E72738 /* CoreData */ = {
			isa = PBXGroup;
			children = (
				776D6C282C071009003A4B9C /* Marshalling */,
				7750B3802C007A5500E72738 /* Model */,
				7750B3722BFF5D8E00E72738 /* TrackerStore.swift */,
				7750B3742BFF5D9B00E72738 /* TrackerCategoryStore.swift */,
				7750B3772BFF5DAF00E72738 /* TrackerRecordStore.swift */,
			);
			path = CoreData;
			sourceTree = "<group>";
		};
		7750B3802C007A5500E72738 /* Model */ = {
			isa = PBXGroup;
			children = (
				77A41A432C05620000DDB8AF /* Model1.xcdatamodeld */,
			);
			path = Model;
			sourceTree = "<group>";
		};
		776D6C282C071009003A4B9C /* Marshalling */ = {
			isa = PBXGroup;
			children = (
				7750B3792BFF5EAE00E72738 /* MarshallingColor.swift */,
				776D6C262C070E36003A4B9C /* MarshallingWeekDay.swift */,
			);
			name = Marshalling;
			sourceTree = "<group>";
		};
		776D6C292C07DB3F003A4B9C /* Onboarding */ = {
			isa = PBXGroup;
			children = (
				776D6C2A2C07DB97003A4B9C /* OnboardingViewController.swift */,
				776D6C2C2C07DD70003A4B9C /* PageViewController.swift */,
			);
			path = Onboarding;
			sourceTree = "<group>";
		};
		7786508D2BF92AB70039DB20 /* CreateNewTrackerView */ = {
			isa = PBXGroup;
			children = (
				77E2DE3D2BDF16DA005458E6 /* NewHabitViewController.swift */,
				778650962BFA6B990039DB20 /* NewEventViewController.swift */,
				77C5F5A62BF64B1F00A95D20 /* CreateNewTrackerTableViewCelll.swift */,
				778650912BFA20E20039DB20 /* CreateNewTrackerCollectionViewCell.swift */,
				778650932BFA21260039DB20 /* CreateNewTrackerSupplementaryView.swift */,
			);
			path = CreateNewTrackerView;
			sourceTree = "<group>";
		};
		7786508E2BF976DE0039DB20 /* NewHabitCategoryView */ = {
			isa = PBXGroup;
			children = (
				778650872BF8ED840039DB20 /* NewCategoryViewController.swift */,
				77C55E132C08C3F700BF0AEE /* NewCategoryViewModel.swift */,
				77C55E152C09187200BF0AEE /* NewCategoryModel.swift */,
				77C55E172C091CB300BF0AEE /* NewCategoryTableViewCell.swift */,
				77C55E192C0A5CA500BF0AEE /* CreateNewCategoryViewController.swift */,
			);
			path = NewHabitCategoryView;
			sourceTree = "<group>";
		};
		7786508F2BF977010039DB20 /* NewHabitShedulerView */ = {
			isa = PBXGroup;
			children = (
				778650892BF8EE6E0039DB20 /* NewHabitShedulerViewController.swift */,
				7786508B2BF8F13A0039DB20 /* NewHabitShedulerTableViewCell.swift */,
			);
			path = NewHabitShedulerView;
			sourceTree = "<group>";
		};
		778650902BF977260039DB20 /* NewTrackerView */ = {
			isa = PBXGroup;
			children = (
				77E2DE3B2BD95245005458E6 /* NewTrackerViewController.swift */,
			);
			path = NewTrackerView;
			sourceTree = "<group>";
		};
		77CE2B692B6848250019FA92 = {
			isa = PBXGroup;
			children = (
				77CE2B742B6848250019FA92 /* Tracker */,
				77CE2B732B6848250019FA92 /* Products */,
			);
			sourceTree = "<group>";
		};
		77CE2B732B6848250019FA92 /* Products */ = {
			isa = PBXGroup;
			children = (
				77CE2B722B6848250019FA92 /* Tracker.app */,
			);
			name = Products;
			sourceTree = "<group>";
		};
		77CE2B742B6848250019FA92 /* Tracker */ = {
			isa = PBXGroup;
			children = (
				776D6C292C07DB3F003A4B9C /* Onboarding */,
				7750B3712BFF5D5E00E72738 /* CoreData */,
				774F606A2B8B8A050054B79B /* Models */,
				77CE2B8C2B685A900019FA92 /* Application */,
				77CE2B8D2B685AC10019FA92 /* Resources */,
				77CE2B892B684EA30019FA92 /* Helpers */,
				77E8857C2BCC97CA001E8E0A /* TrackerView */,
				77E8857D2BCC97F4001E8E0A /* StatisticsView */,
				778650902BF977260039DB20 /* NewTrackerView */,
				7786508D2BF92AB70039DB20 /* CreateNewTrackerView */,
				7786508E2BF976DE0039DB20 /* NewHabitCategoryView */,
				7786508F2BF977010039DB20 /* NewHabitShedulerView */,
				77CE2B932B69B5570019FA92 /* TabBarController.swift */,
				776D6C2E2C088895003A4B9C /* RootViewController.swift */,
				77CE2B832B6848270019FA92 /* Info.plist */,
			);
			path = Tracker;
			sourceTree = "<group>";
		};
		77CE2B892B684EA30019FA92 /* Helpers */ = {
			isa = PBXGroup;
			children = (
				7700F7842C05D16200B6E53E /* Helpers.swift */,
				775502F02BFCE1E300F25620 /* Extensions.swift */,
				77CE2B8A2B684EE90019FA92 /* UIColor+Extensions.swift */,
			);
			path = Helpers;
			sourceTree = "<group>";
		};
		77CE2B8C2B685A900019FA92 /* Application */ = {
			isa = PBXGroup;
			children = (
				77CE2B752B6848250019FA92 /* AppDelegate.swift */,
				77CE2B772B6848250019FA92 /* SceneDelegate.swift */,
			);
			path = Application;
			sourceTree = "<group>";
		};
		77CE2B8D2B685AC10019FA92 /* Resources */ = {
			isa = PBXGroup;
			children = (
				77C55E1B2C0B41DA00BF0AEE /* Localizable.strings */,
				77C55E1D2C0B571300BF0AEE /* Localizable.stringsdict */,
				77CE2B7E2B6848270019FA92 /* Assets.xcassets */,
				77CE2B802B6848270019FA92 /* LaunchScreen.storyboard */,
			);
			path = Resources;
			sourceTree = "<group>";
		};
		77E8857C2BCC97CA001E8E0A /* TrackerView */ = {
			isa = PBXGroup;
			children = (
				77CE2B8F2B69B42F0019FA92 /* TrackersViewController.swift */,
				774F60712B8E91500054B79B /* TrackerCollectionViewCell.swift */,
				77FD98D42BCAA22D00D99ED5 /* TrackerSupplementaryView.swift */,
			);
			path = TrackerView;
			sourceTree = "<group>";
		};
		77E8857D2BCC97F4001E8E0A /* StatisticsView */ = {
			isa = PBXGroup;
			children = (
				77CE2B912B69B4840019FA92 /* StatisticsViewController.swift */,
			);
			path = StatisticsView;
			sourceTree = "<group>";
		};
/* End PBXGroup section */

/* Begin PBXNativeTarget section */
		77CE2B712B6848250019FA92 /* Tracker */ = {
			isa = PBXNativeTarget;
			buildConfigurationList = 77CE2B862B6848270019FA92 /* Build configuration list for PBXNativeTarget "Tracker" */;
			buildPhases = (
				77CE2B6E2B6848250019FA92 /* Sources */,
				77CE2B6F2B6848250019FA92 /* Frameworks */,
				77CE2B702B6848250019FA92 /* Resources */,
			);
			buildRules = (
			);
			dependencies = (
			);
			name = Tracker;
			productName = Tracker;
			productReference = 77CE2B722B6848250019FA92 /* Tracker.app */;
			productType = "com.apple.product-type.application";
		};
/* End PBXNativeTarget section */

/* Begin PBXProject section */
		77CE2B6A2B6848250019FA92 /* Project object */ = {
			isa = PBXProject;
			attributes = {
				BuildIndependentTargetsInParallel = 1;
				LastSwiftUpdateCheck = 1430;
				LastUpgradeCheck = 1430;
				TargetAttributes = {
					77CE2B712B6848250019FA92 = {
						CreatedOnToolsVersion = 14.3.1;
					};
				};
			};
			buildConfigurationList = 77CE2B6D2B6848250019FA92 /* Build configuration list for PBXProject "Tracker" */;
			compatibilityVersion = "Xcode 14.0";
			developmentRegion = en;
			hasScannedForEncodings = 0;
			knownRegions = (
				en,
				Base,
			);
			mainGroup = 77CE2B692B6848250019FA92;
			productRefGroup = 77CE2B732B6848250019FA92 /* Products */;
			projectDirPath = "";
			projectRoot = "";
			targets = (
				77CE2B712B6848250019FA92 /* Tracker */,
			);
		};
/* End PBXProject section */

/* Begin PBXResourcesBuildPhase section */
		77CE2B702B6848250019FA92 /* Resources */ = {
			isa = PBXResourcesBuildPhase;
			buildActionMask = 2147483647;
			files = (
				77CE2B822B6848270019FA92 /* LaunchScreen.storyboard in Resources */,
				77C55E1E2C0B571300BF0AEE /* Localizable.stringsdict in Resources */,
				77C55E1C2C0B41DA00BF0AEE /* Localizable.strings in Resources */,
				77CE2B7F2B6848270019FA92 /* Assets.xcassets in Resources */,
			);
			runOnlyForDeploymentPostprocessing = 0;
		};
/* End PBXResourcesBuildPhase section */

/* Begin PBXSourcesBuildPhase section */
		77CE2B6E2B6848250019FA92 /* Sources */ = {
			isa = PBXSourcesBuildPhase;
			buildActionMask = 2147483647;
			files = (
				77CE2B902B69B42F0019FA92 /* TrackersViewController.swift in Sources */,
				7786508C2BF8F13A0039DB20 /* NewHabitShedulerTableViewCell.swift in Sources */,
				77E2DE3E2BDF16DA005458E6 /* NewHabitViewController.swift in Sources */,
				776D6C272C070E36003A4B9C /* MarshallingWeekDay.swift in Sources */,
				77CE2B762B6848250019FA92 /* AppDelegate.swift in Sources */,
				77A41A452C05620000DDB8AF /* Model1.xcdatamodeld in Sources */,
				7750B3782BFF5DAF00E72738 /* TrackerRecordStore.swift in Sources */,
				77CE2B922B69B4840019FA92 /* StatisticsViewController.swift in Sources */,
				778650972BFA6B990039DB20 /* NewEventViewController.swift in Sources */,
				77C55E142C08C3F700BF0AEE /* NewCategoryViewModel.swift in Sources */,
				77FD98D52BCAA22D00D99ED5 /* TrackerSupplementaryView.swift in Sources */,
				77C55E182C091CB300BF0AEE /* NewCategoryTableViewCell.swift in Sources */,
				774F606E2B8B8BC80054B79B /* TrackerCategory.swift in Sources */,
				775502F12BFCE1E300F25620 /* Extensions.swift in Sources */,
				778650922BFA20E20039DB20 /* CreateNewTrackerCollectionViewCell.swift in Sources */,
				776D6C2B2C07DB97003A4B9C /* OnboardingViewController.swift in Sources */,
				77CE2B942B69B5570019FA92 /* TabBarController.swift in Sources */,
				77C5F5A72BF64B1F00A95D20 /* CreateNewTrackerTableViewCelll.swift in Sources */,
				7700F7852C05D16200B6E53E /* Helpers.swift in Sources */,
				7750B3732BFF5D8E00E72738 /* TrackerStore.swift in Sources */,
				778650882BF8ED840039DB20 /* NewCategoryViewController.swift in Sources */,
				7750B3752BFF5D9B00E72738 /* TrackerCategoryStore.swift in Sources */,
				776D6C2F2C088895003A4B9C /* RootViewController.swift in Sources */,
				774F60702B8B8C280054B79B /* TrackerRecord.swift in Sources */,
				776D6C2D2C07DD70003A4B9C /* PageViewController.swift in Sources */,
				77CE2B782B6848250019FA92 /* SceneDelegate.swift in Sources */,
				77E2DE3C2BD95245005458E6 /* NewTrackerViewController.swift in Sources */,
				7786508A2BF8EE6E0039DB20 /* NewHabitShedulerViewController.swift in Sources */,
				774F60722B8E91500054B79B /* TrackerCollectionViewCell.swift in Sources */,
				77CE2B8B2B684EE90019FA92 /* UIColor+Extensions.swift in Sources */,
				77C55E1A2C0A5CA500BF0AEE /* CreateNewCategoryViewController.swift in Sources */,
				778650942BFA21260039DB20 /* CreateNewTrackerSupplementaryView.swift in Sources */,
				7750B37A2BFF5EAE00E72738 /* MarshallingColor.swift in Sources */,
				77C55E162C09187200BF0AEE /* NewCategoryModel.swift in Sources */,
				774F606C2B8B8A1F0054B79B /* Tracker.swift in Sources */,
			);
			runOnlyForDeploymentPostprocessing = 0;
		};
/* End PBXSourcesBuildPhase section */

/* Begin PBXVariantGroup section */
		77CE2B802B6848270019FA92 /* LaunchScreen.storyboard */ = {
			isa = PBXVariantGroup;
			children = (
				77CE2B812B6848270019FA92 /* Base */,
			);
			name = LaunchScreen.storyboard;
			sourceTree = "<group>";
		};
/* End PBXVariantGroup section */

/* Begin XCBuildConfiguration section */
		77CE2B842B6848270019FA92 /* Debug */ = {
			isa = XCBuildConfiguration;
			buildSettings = {
				ALWAYS_SEARCH_USER_PATHS = NO;
				CLANG_ANALYZER_NONNULL = YES;
				CLANG_ANALYZER_NUMBER_OBJECT_CONVERSION = YES_AGGRESSIVE;
				CLANG_CXX_LANGUAGE_STANDARD = "gnu++20";
				CLANG_ENABLE_MODULES = YES;
				CLANG_ENABLE_OBJC_ARC = YES;
				CLANG_ENABLE_OBJC_WEAK = YES;
				CLANG_WARN_BLOCK_CAPTURE_AUTORELEASING = YES;
				CLANG_WARN_BOOL_CONVERSION = YES;
				CLANG_WARN_COMMA = YES;
				CLANG_WARN_CONSTANT_CONVERSION = YES;
				CLANG_WARN_DEPRECATED_OBJC_IMPLEMENTATIONS = YES;
				CLANG_WARN_DIRECT_OBJC_ISA_USAGE = YES_ERROR;
				CLANG_WARN_DOCUMENTATION_COMMENTS = YES;
				CLANG_WARN_EMPTY_BODY = YES;
				CLANG_WARN_ENUM_CONVERSION = YES;
				CLANG_WARN_INFINITE_RECURSION = YES;
				CLANG_WARN_INT_CONVERSION = YES;
				CLANG_WARN_NON_LITERAL_NULL_CONVERSION = YES;
				CLANG_WARN_OBJC_IMPLICIT_RETAIN_SELF = YES;
				CLANG_WARN_OBJC_LITERAL_CONVERSION = YES;
				CLANG_WARN_OBJC_ROOT_CLASS = YES_ERROR;
				CLANG_WARN_QUOTED_INCLUDE_IN_FRAMEWORK_HEADER = YES;
				CLANG_WARN_RANGE_LOOP_ANALYSIS = YES;
				CLANG_WARN_STRICT_PROTOTYPES = YES;
				CLANG_WARN_SUSPICIOUS_MOVE = YES;
				CLANG_WARN_UNGUARDED_AVAILABILITY = YES_AGGRESSIVE;
				CLANG_WARN_UNREACHABLE_CODE = YES;
				CLANG_WARN__DUPLICATE_METHOD_MATCH = YES;
				COPY_PHASE_STRIP = NO;
				DEBUG_INFORMATION_FORMAT = dwarf;
				ENABLE_STRICT_OBJC_MSGSEND = YES;
				ENABLE_TESTABILITY = YES;
				GCC_C_LANGUAGE_STANDARD = gnu11;
				GCC_DYNAMIC_NO_PIC = NO;
				GCC_NO_COMMON_BLOCKS = YES;
				GCC_OPTIMIZATION_LEVEL = 0;
				GCC_PREPROCESSOR_DEFINITIONS = (
					"DEBUG=1",
					"$(inherited)",
				);
				GCC_WARN_64_TO_32_BIT_CONVERSION = YES;
				GCC_WARN_ABOUT_RETURN_TYPE = YES_ERROR;
				GCC_WARN_UNDECLARED_SELECTOR = YES;
				GCC_WARN_UNINITIALIZED_AUTOS = YES_AGGRESSIVE;
				GCC_WARN_UNUSED_FUNCTION = YES;
				GCC_WARN_UNUSED_VARIABLE = YES;
				IPHONEOS_DEPLOYMENT_TARGET = 13.4;
				MTL_ENABLE_DEBUG_INFO = INCLUDE_SOURCE;
				MTL_FAST_MATH = YES;
				ONLY_ACTIVE_ARCH = YES;
				SDKROOT = iphoneos;
				SWIFT_ACTIVE_COMPILATION_CONDITIONS = DEBUG;
				SWIFT_OPTIMIZATION_LEVEL = "-Onone";
			};
			name = Debug;
		};
		77CE2B852B6848270019FA92 /* Release */ = {
			isa = XCBuildConfiguration;
			buildSettings = {
				ALWAYS_SEARCH_USER_PATHS = NO;
				CLANG_ANALYZER_NONNULL = YES;
				CLANG_ANALYZER_NUMBER_OBJECT_CONVERSION = YES_AGGRESSIVE;
				CLANG_CXX_LANGUAGE_STANDARD = "gnu++20";
				CLANG_ENABLE_MODULES = YES;
				CLANG_ENABLE_OBJC_ARC = YES;
				CLANG_ENABLE_OBJC_WEAK = YES;
				CLANG_WARN_BLOCK_CAPTURE_AUTORELEASING = YES;
				CLANG_WARN_BOOL_CONVERSION = YES;
				CLANG_WARN_COMMA = YES;
				CLANG_WARN_CONSTANT_CONVERSION = YES;
				CLANG_WARN_DEPRECATED_OBJC_IMPLEMENTATIONS = YES;
				CLANG_WARN_DIRECT_OBJC_ISA_USAGE = YES_ERROR;
				CLANG_WARN_DOCUMENTATION_COMMENTS = YES;
				CLANG_WARN_EMPTY_BODY = YES;
				CLANG_WARN_ENUM_CONVERSION = YES;
				CLANG_WARN_INFINITE_RECURSION = YES;
				CLANG_WARN_INT_CONVERSION = YES;
				CLANG_WARN_NON_LITERAL_NULL_CONVERSION = YES;
				CLANG_WARN_OBJC_IMPLICIT_RETAIN_SELF = YES;
				CLANG_WARN_OBJC_LITERAL_CONVERSION = YES;
				CLANG_WARN_OBJC_ROOT_CLASS = YES_ERROR;
				CLANG_WARN_QUOTED_INCLUDE_IN_FRAMEWORK_HEADER = YES;
				CLANG_WARN_RANGE_LOOP_ANALYSIS = YES;
				CLANG_WARN_STRICT_PROTOTYPES = YES;
				CLANG_WARN_SUSPICIOUS_MOVE = YES;
				CLANG_WARN_UNGUARDED_AVAILABILITY = YES_AGGRESSIVE;
				CLANG_WARN_UNREACHABLE_CODE = YES;
				CLANG_WARN__DUPLICATE_METHOD_MATCH = YES;
				COPY_PHASE_STRIP = NO;
				DEBUG_INFORMATION_FORMAT = "dwarf-with-dsym";
				ENABLE_NS_ASSERTIONS = NO;
				ENABLE_STRICT_OBJC_MSGSEND = YES;
				GCC_C_LANGUAGE_STANDARD = gnu11;
				GCC_NO_COMMON_BLOCKS = YES;
				GCC_WARN_64_TO_32_BIT_CONVERSION = YES;
				GCC_WARN_ABOUT_RETURN_TYPE = YES_ERROR;
				GCC_WARN_UNDECLARED_SELECTOR = YES;
				GCC_WARN_UNINITIALIZED_AUTOS = YES_AGGRESSIVE;
				GCC_WARN_UNUSED_FUNCTION = YES;
				GCC_WARN_UNUSED_VARIABLE = YES;
				IPHONEOS_DEPLOYMENT_TARGET = 13.4;
				MTL_ENABLE_DEBUG_INFO = NO;
				MTL_FAST_MATH = YES;
				SDKROOT = iphoneos;
				SWIFT_COMPILATION_MODE = wholemodule;
				SWIFT_OPTIMIZATION_LEVEL = "-O";
				VALIDATE_PRODUCT = YES;
			};
			name = Release;
		};
		77CE2B872B6848270019FA92 /* Debug */ = {
			isa = XCBuildConfiguration;
			buildSettings = {
				ASSETCATALOG_COMPILER_APPICON_NAME = AppIcon;
				ASSETCATALOG_COMPILER_GLOBAL_ACCENT_COLOR_NAME = AccentColor;
				CODE_SIGN_STYLE = Automatic;
				CURRENT_PROJECT_VERSION = 1;
				DEVELOPMENT_TEAM = 5FT98XXVFH;
				GENERATE_INFOPLIST_FILE = YES;
				INFOPLIST_FILE = Tracker/Info.plist;
				INFOPLIST_KEY_UIApplicationSupportsIndirectInputEvents = YES;
				INFOPLIST_KEY_UILaunchStoryboardName = LaunchScreen;
				INFOPLIST_KEY_UISupportedInterfaceOrientations = UIInterfaceOrientationPortrait;
				IPHONEOS_DEPLOYMENT_TARGET = 13.4;
				LD_RUNPATH_SEARCH_PATHS = (
					"$(inherited)",
					"@executable_path/Frameworks",
				);
				MARKETING_VERSION = 1.0;
				PRODUCT_BUNDLE_IDENTIFIER = ru.olgapawpaw.Tracker;
				PRODUCT_NAME = "$(TARGET_NAME)";
				SUPPORTED_PLATFORMS = "iphoneos iphonesimulator";
				SUPPORTS_MACCATALYST = NO;
				SUPPORTS_MAC_DESIGNED_FOR_IPHONE_IPAD = NO;
				SWIFT_EMIT_LOC_STRINGS = YES;
				SWIFT_VERSION = 5.0;
				TARGETED_DEVICE_FAMILY = 1;
			};
			name = Debug;
		};
		77CE2B882B6848270019FA92 /* Release */ = {
			isa = XCBuildConfiguration;
			buildSettings = {
				ASSETCATALOG_COMPILER_APPICON_NAME = AppIcon;
				ASSETCATALOG_COMPILER_GLOBAL_ACCENT_COLOR_NAME = AccentColor;
				CODE_SIGN_STYLE = Automatic;
				CURRENT_PROJECT_VERSION = 1;
				DEVELOPMENT_TEAM = 5FT98XXVFH;
				GENERATE_INFOPLIST_FILE = YES;
				INFOPLIST_FILE = Tracker/Info.plist;
				INFOPLIST_KEY_UIApplicationSupportsIndirectInputEvents = YES;
				INFOPLIST_KEY_UILaunchStoryboardName = LaunchScreen;
				INFOPLIST_KEY_UISupportedInterfaceOrientations = UIInterfaceOrientationPortrait;
				IPHONEOS_DEPLOYMENT_TARGET = 13.4;
				LD_RUNPATH_SEARCH_PATHS = (
					"$(inherited)",
					"@executable_path/Frameworks",
				);
				MARKETING_VERSION = 1.0;
				PRODUCT_BUNDLE_IDENTIFIER = ru.olgapawpaw.Tracker;
				PRODUCT_NAME = "$(TARGET_NAME)";
				SUPPORTED_PLATFORMS = "iphoneos iphonesimulator";
				SUPPORTS_MACCATALYST = NO;
				SUPPORTS_MAC_DESIGNED_FOR_IPHONE_IPAD = NO;
				SWIFT_EMIT_LOC_STRINGS = YES;
				SWIFT_VERSION = 5.0;
				TARGETED_DEVICE_FAMILY = 1;
			};
			name = Release;
		};
/* End XCBuildConfiguration section */

/* Begin XCConfigurationList section */
		77CE2B6D2B6848250019FA92 /* Build configuration list for PBXProject "Tracker" */ = {
			isa = XCConfigurationList;
			buildConfigurations = (
				77CE2B842B6848270019FA92 /* Debug */,
				77CE2B852B6848270019FA92 /* Release */,
			);
			defaultConfigurationIsVisible = 0;
			defaultConfigurationName = Release;
		};
		77CE2B862B6848270019FA92 /* Build configuration list for PBXNativeTarget "Tracker" */ = {
			isa = XCConfigurationList;
			buildConfigurations = (
				77CE2B872B6848270019FA92 /* Debug */,
				77CE2B882B6848270019FA92 /* Release */,
			);
			defaultConfigurationIsVisible = 0;
			defaultConfigurationName = Release;
		};
/* End XCConfigurationList section */

/* Begin XCVersionGroup section */
		77A41A432C05620000DDB8AF /* Model1.xcdatamodeld */ = {
			isa = XCVersionGroup;
			children = (
				77A41A442C05620000DDB8AF /* Model1.xcdatamodel */,
			);
			currentVersion = 77A41A442C05620000DDB8AF /* Model1.xcdatamodel */;
			path = Model1.xcdatamodeld;
			sourceTree = "<group>";
			versionGroupType = wrapper.xcdatamodel;
		};
/* End XCVersionGroup section */
	};
	rootObject = 77CE2B6A2B6848250019FA92 /* Project object */;
}
